
Microsoft Visual Studio Solution File, Format Version 12.00
# Visual Studio 15
Project("{FAE04EC0-301F-11D3-BF4B-00C04F79EFBC}") = "Assembly-CSharp-Editor", "Assembly-CSharp-Editor.csproj", "{E584A45D-09B9-619A-601A-3D27BE26854D}"
EndProject
Project("{FAE04EC0-301F-11D3-BF4B-00C04F79EFBC}") = "Assembly-CSharp", "Assembly-CSharp.csproj", "{3F0E1491-0DBD-9B0C-66AF-8B50AFABA280}"
EndProject
Global
	GlobalSection(SolutionConfigurationPlatforms) = preSolution
		Debug|Any CPU = Debug|Any CPU
		Release|Any CPU = Release|Any CPU
	EndGlobalSection
	GlobalSection(ProjectConfigurationPlatforms) = postSolution
		{E584A45D-09B9-619A-601A-3D27BE26854D}.Debug|Any CPU.ActiveCfg = Debug|Any CPU
		{E584A45D-09B9-619A-601A-3D27BE26854D}.Debug|Any CPU.Build.0 = Debug|Any CPU
		{E584A45D-09B9-619A-601A-3D27BE26854D}.Release|Any CPU.ActiveCfg = Release|Any CPU
		{E584A45D-09B9-619A-601A-3D27BE26854D}.Release|Any CPU.Build.0 = Release|Any CPU
		{3F0E1491-0DBD-9B0C-66AF-8B50AFABA280}.Debug|Any CPU.ActiveCfg = Debug|Any CPU
		{3F0E1491-0DBD-9B0C-66AF-8B50AFABA280}.Debug|Any CPU.Build.0 = Debug|Any CPU
		{3F0E1491-0DBD-9B0C-66AF-8B50AFABA280}.Release|Any CPU.ActiveCfg = Release|Any CPU
		{3F0E1491-0DBD-9B0C-66AF-8B50AFABA280}.Release|Any CPU.Build.0 = Release|Any CPU
	EndGlobalSection
	GlobalSection(SolutionProperties) = preSolution
		HideSolutionNode = FALSE
	EndGlobalSection
EndGlobal
